
Microsoft Visual Studio Solution File, Format Version 12.00
# Visual Studio 15
VisualStudioVersion = 15.0.27130.2036
MinimumVisualStudioVersion = 10.0.40219.1
Project("{FAE04EC0-301F-11D3-BF4B-00C04F79EFBC}") = "AlphaPhoneConverter.iOS", "AlphaPhoneConverter\AlphaPhoneConverter.iOS\AlphaPhoneConverter.iOS.csproj", "{680D7E71-F403-4A30-B585-C53EEA5DDE0F}"
EndProject
Project("{D954291E-2A0B-460D-934E-DC6B0785DB48}") = "AlphaPhoneConverter", "AlphaPhoneConverter\AlphaPhoneConverter\AlphaPhoneConverter.shproj", "{E75611E5-94FA-482A-82CD-2DA5CD334B69}"
EndProject
Global
	GlobalSection(SharedMSBuildProjectFiles) = preSolution
		AlphaPhoneConverter\AlphaPhoneConverter\AlphaPhoneConverter.projitems*{680d7e71-f403-4a30-b585-c53eea5dde0f}*SharedItemsImports = 4
		AlphaPhoneConverter\AlphaPhoneConverter\AlphaPhoneConverter.projitems*{e75611e5-94fa-482a-82cd-2da5cd334b69}*SharedItemsImports = 13
	EndGlobalSection
	GlobalSection(SolutionConfigurationPlatforms) = preSolution
		Ad-Hoc|iPhone = Ad-Hoc|iPhone
		Ad-Hoc|iPhoneSimulator = Ad-Hoc|iPhoneSimulator
		AppStore|iPhone = AppStore|iPhone
		AppStore|iPhoneSimulator = AppStore|iPhoneSimulator
		Debug|iPhone = Debug|iPhone
		Debug|iPhoneSimulator = Debug|iPhoneSimulator
		Release|iPhone = Release|iPhone
		Release|iPhoneSimulator = Release|iPhoneSimulator
	EndGlobalSection
	GlobalSection(ProjectConfigurationPlatforms) = postSolution
		{680D7E71-F403-4A30-B585-C53EEA5DDE0F}.Ad-Hoc|iPhone.ActiveCfg = Ad-Hoc|iPhone
		{680D7E71-F403-4A30-B585-C53EEA5DDE0F}.Ad-Hoc|iPhone.Build.0 = Ad-Hoc|iPhone
		{680D7E71-F403-4A30-B585-C53EEA5DDE0F}.Ad-Hoc|iPhoneSimulator.ActiveCfg = Ad-Hoc|iPhoneSimulator
		{680D7E71-F403-4A30-B585-C53EEA5DDE0F}.Ad-Hoc|iPhoneSimulator.Build.0 = Ad-Hoc|iPhoneSimulator
		{680D7E71-F403-4A30-B585-C53EEA5DDE0F}.AppStore|iPhone.ActiveCfg = AppStore|iPhone
		{680D7E71-F403-4A30-B585-C53EEA5DDE0F}.AppStore|iPhone.Build.0 = AppStore|iPhone
		{680D7E71-F403-4A30-B585-C53EEA5DDE0F}.AppStore|iPhoneSimulator.ActiveCfg = AppStore|iPhoneSimulator
		{680D7E71-F403-4A30-B585-C53EEA5DDE0F}.AppStore|iPhoneSimulator.Build.0 = AppStore|iPhoneSimulator
		{680D7E71-F403-4A30-B585-C53EEA5DDE0F}.Debug|iPhone.ActiveCfg = Debug|iPhone
		{680D7E71-F403-4A30-B585-C53EEA5DDE0F}.Debug|iPhone.Build.0 = Debug|iPhone
		{680D7E71-F403-4A30-B585-C53EEA5DDE0F}.Debug|iPhoneSimulator.ActiveCfg = Debug|iPhoneSimulator
		{680D7E71-F403-4A30-B585-C53EEA5DDE0F}.Debug|iPhoneSimulator.Build.0 = Debug|iPhoneSimulator
		{680D7E71-F403-4A30-B585-C53EEA5DDE0F}.Release|iPhone.ActiveCfg = Release|iPhone
		{680D7E71-F403-4A30-B585-C53EEA5DDE0F}.Release|iPhone.Build.0 = Release|iPhone
		{680D7E71-F403-4A30-B585-C53EEA5DDE0F}.Release|iPhoneSimulator.ActiveCfg = Release|iPhoneSimulator
		{680D7E71-F403-4A30-B585-C53EEA5DDE0F}.Release|iPhoneSimulator.Build.0 = Release|iPhoneSimulator
	EndGlobalSection
	GlobalSection(SolutionProperties) = preSolution
		HideSolutionNode = FALSE
	EndGlobalSection
	GlobalSection(ExtensibilityGlobals) = postSolution
		SolutionGuid = {D1B53F66-ED80-4AEA-ACE4-263409869F4A}
	EndGlobalSection
EndGlobal
